
Microsoft Visual Studio Solution File, Format Version 12.00
# Visual Studio Version 16
VisualStudioVersion = 16.0.29519.87
MinimumVisualStudioVersion = 10.0.40219.1
Project("{FAE04EC0-301F-11D3-BF4B-00C04F79EFBC}") = "App04.Android", "App04\App04.Android\App04.Android.csproj", "{C8BCC1FA-7C1B-450A-8541-3AB5F9431302}"
EndProject
Project("{FAE04EC0-301F-11D3-BF4B-00C04F79EFBC}") = "App04.iOS", "App04\App04.iOS\App04.iOS.csproj", "{5E02FC49-269C-4383-A90F-79091BEA46B4}"
EndProject
Project("{FAE04EC0-301F-11D3-BF4B-00C04F79EFBC}") = "App04", "App04\App04\App04.csproj", "{A9DEF122-A0EB-49A7-821E-7D79877EF250}"
EndProject
Global
	GlobalSection(SolutionConfigurationPlatforms) = preSolution
		Debug|Any CPU = Debug|Any CPU
		Debug|iPhone = Debug|iPhone
		Debug|iPhoneSimulator = Debug|iPhoneSimulator
		Release|Any CPU = Release|Any CPU
		Release|iPhone = Release|iPhone
		Release|iPhoneSimulator = Release|iPhoneSimulator
	EndGlobalSection
	GlobalSection(ProjectConfigurationPlatforms) = postSolution
		{C8BCC1FA-7C1B-450A-8541-3AB5F9431302}.Debug|Any CPU.ActiveCfg = Debug|Any CPU
		{C8BCC1FA-7C1B-450A-8541-3AB5F9431302}.Debug|Any CPU.Build.0 = Debug|Any CPU
		{C8BCC1FA-7C1B-450A-8541-3AB5F9431302}.Debug|Any CPU.Deploy.0 = Debug|Any CPU
		{C8BCC1FA-7C1B-450A-8541-3AB5F9431302}.Debug|iPhone.ActiveCfg = Debug|Any CPU
		{C8BCC1FA-7C1B-450A-8541-3AB5F9431302}.Debug|iPhone.Build.0 = Debug|Any CPU
		{C8BCC1FA-7C1B-450A-8541-3AB5F9431302}.Debug|iPhone.Deploy.0 = Debug|Any CPU
		{C8BCC1FA-7C1B-450A-8541-3AB5F9431302}.Debug|iPhoneSimulator.ActiveCfg = Debug|Any CPU
		{C8BCC1FA-7C1B-450A-8541-3AB5F9431302}.Debug|iPhoneSimulator.Build.0 = Debug|Any CPU
		{C8BCC1FA-7C1B-450A-8541-3AB5F9431302}.Debug|iPhoneSimulator.Deploy.0 = Debug|Any CPU
		{C8BCC1FA-7C1B-450A-8541-3AB5F9431302}.Release|Any CPU.ActiveCfg = Release|Any CPU
		{C8BCC1FA-7C1B-450A-8541-3AB5F9431302}.Release|Any CPU.Build.0 = Release|Any CPU
		{C8BCC1FA-7C1B-450A-8541-3AB5F9431302}.Release|Any CPU.Deploy.0 = Release|Any CPU
		{C8BCC1FA-7C1B-450A-8541-3AB5F9431302}.Release|iPhone.ActiveCfg = Release|Any CPU
		{C8BCC1FA-7C1B-450A-8541-3AB5F9431302}.Release|iPhone.Build.0 = Release|Any CPU
		{C8BCC1FA-7C1B-450A-8541-3AB5F9431302}.Release|iPhone.Deploy.0 = Release|Any CPU
		{C8BCC1FA-7C1B-450A-8541-3AB5F9431302}.Release|iPhoneSimulator.ActiveCfg = Release|Any CPU
		{C8BCC1FA-7C1B-450A-8541-3AB5F9431302}.Release|iPhoneSimulator.Build.0 = Release|Any CPU
		{C8BCC1FA-7C1B-450A-8541-3AB5F9431302}.Release|iPhoneSimulator.Deploy.0 = Release|Any CPU
		{5E02FC49-269C-4383-A90F-79091BEA46B4}.Debug|Any CPU.ActiveCfg = Debug|iPhoneSimulator
		{5E02FC49-269C-4383-A90F-79091BEA46B4}.Debug|Any CPU.Build.0 = Debug|iPhoneSimulator
		{5E02FC49-269C-4383-A90F-79091BEA46B4}.Debug|Any CPU.Deploy.0 = Debug|iPhoneSimulator
		{5E02FC49-269C-4383-A90F-79091BEA46B4}.Debug|iPhone.ActiveCfg = Debug|iPhone
		{5E02FC49-269C-4383-A90F-79091BEA46B4}.Debug|iPhone.Build.0 = Debug|iPhone
		{5E02FC49-269C-4383-A90F-79091BEA46B4}.Debug|iPhone.Deploy.0 = Debug|iPhone
		{5E02FC49-269C-4383-A90F-79091BEA46B4}.Debug|iPhoneSimulator.ActiveCfg = Debug|iPhoneSimulator
		{5E02FC49-269C-4383-A90F-79091BEA46B4}.Debug|iPhoneSimulator.Build.0 = Debug|iPhoneSimulator
		{5E02FC49-269C-4383-A90F-79091BEA46B4}.Debug|iPhoneSimulator.Deploy.0 = Debug|iPhoneSimulator
		{5E02FC49-269C-4383-A90F-79091BEA46B4}.Release|Any CPU.ActiveCfg = Release|iPhone
		{5E02FC49-269C-4383-A90F-79091BEA46B4}.Release|Any CPU.Build.0 = Release|iPhone
		{5E02FC49-269C-4383-A90F-79091BEA46B4}.Release|Any CPU.Deploy.0 = Release|iPhone
		{5E02FC49-269C-4383-A90F-79091BEA46B4}.Release|iPhone.ActiveCfg = Release|iPhone
		{5E02FC49-269C-4383-A90F-79091BEA46B4}.Release|iPhone.Build.0 = Release|iPhone
		{5E02FC49-269C-4383-A90F-79091BEA46B4}.Release|iPhone.Deploy.0 = Release|iPhone
		{5E02FC49-269C-4383-A90F-79091BEA46B4}.Release|iPhoneSimulator.ActiveCfg = Release|iPhoneSimulator
		{5E02FC49-269C-4383-A90F-79091BEA46B4}.Release|iPhoneSimulator.Build.0 = Release|iPhoneSimulator
		{5E02FC49-269C-4383-A90F-79091BEA46B4}.Release|iPhoneSimulator.Deploy.0 = Release|iPhoneSimulator
		{A9DEF122-A0EB-49A7-821E-7D79877EF250}.Debug|Any CPU.ActiveCfg = Debug|Any CPU
		{A9DEF122-A0EB-49A7-821E-7D79877EF250}.Debug|Any CPU.Build.0 = Debug|Any CPU
		{A9DEF122-A0EB-49A7-821E-7D79877EF250}.Debug|Any CPU.Deploy.0 = Debug|Any CPU
		{A9DEF122-A0EB-49A7-821E-7D79877EF250}.Debug|iPhone.ActiveCfg = Debug|Any CPU
		{A9DEF122-A0EB-49A7-821E-7D79877EF250}.Debug|iPhone.Build.0 = Debug|Any CPU
		{A9DEF122-A0EB-49A7-821E-7D79877EF250}.Debug|iPhone.Deploy.0 = Debug|Any CPU
		{A9DEF122-A0EB-49A7-821E-7D79877EF250}.Debug|iPhoneSimulator.ActiveCfg = Debug|Any CPU
		{A9DEF122-A0EB-49A7-821E-7D79877EF250}.Debug|iPhoneSimulator.Build.0 = Debug|Any CPU
		{A9DEF122-A0EB-49A7-821E-7D79877EF250}.Debug|iPhoneSimulator.Deploy.0 = Debug|Any CPU
		{A9DEF122-A0EB-49A7-821E-7D79877EF250}.Release|Any CPU.ActiveCfg = Release|Any CPU
		{A9DEF122-A0EB-49A7-821E-7D79877EF250}.Release|Any CPU.Build.0 = Release|Any CPU
		{A9DEF122-A0EB-49A7-821E-7D79877EF250}.Release|Any CPU.Deploy.0 = Release|Any CPU
		{A9DEF122-A0EB-49A7-821E-7D79877EF250}.Release|iPhone.ActiveCfg = Release|Any CPU
		{A9DEF122-A0EB-49A7-821E-7D79877EF250}.Release|iPhone.Build.0 = Release|Any CPU
		{A9DEF122-A0EB-49A7-821E-7D79877EF250}.Release|iPhone.Deploy.0 = Release|Any CPU
		{A9DEF122-A0EB-49A7-821E-7D79877EF250}.Release|iPhoneSimulator.ActiveCfg = Release|Any CPU
		{A9DEF122-A0EB-49A7-821E-7D79877EF250}.Release|iPhoneSimulator.Build.0 = Release|Any CPU
		{A9DEF122-A0EB-49A7-821E-7D79877EF250}.Release|iPhoneSimulator.Deploy.0 = Release|Any CPU
	EndGlobalSection
	GlobalSection(SolutionProperties) = preSolution
		HideSolutionNode = FALSE
	EndGlobalSection
	GlobalSection(ExtensibilityGlobals) = postSolution
		SolutionGuid = {D59809BA-80DB-454D-811C-95A0800FB6AD}
	EndGlobalSection
EndGlobal
